// !$*UTF8*$!
{
	archiveVersion = 1;
	classes = {
	};
	objectVersion = 51;
	objects = {

/* Begin PBXBuildFile section */
		B97FA73E25A3478C003BD4F0 /* InfoPlist.strings in Resources */ = {isa = PBXBuildFile; fileRef = B97FA74025A3478C003BD4F0 /* InfoPlist.strings */; };
		CB0E403325787EF7000ACB94 /* MainViewController.m in Sources */ = {isa = PBXBuildFile; fileRef = CB0E403225787EF7000ACB94 /* MainViewController.m */; };
		CB0E403C25787F61000ACB94 /* DemoViewController.m in Sources */ = {isa = PBXBuildFile; fileRef = CB0E403B25787F61000ACB94 /* DemoViewController.m */; };
		CBC4766A256D466A00DB3CAF /* AppDelegate.m in Sources */ = {isa = PBXBuildFile; fileRef = CBC47669256D466A00DB3CAF /* AppDelegate.m */; };
		CBC47673256D466A00DB3CAF /* Main.storyboard in Resources */ = {isa = PBXBuildFile; fileRef = CBC47671256D466A00DB3CAF /* Main.storyboard */; };
		CBC47675256D466E00DB3CAF /* Assets.xcassets in Resources */ = {isa = PBXBuildFile; fileRef = CBC47674256D466E00DB3CAF /* Assets.xcassets */; };
		CBC47678256D466E00DB3CAF /* LaunchScreen.storyboard in Resources */ = {isa = PBXBuildFile; fileRef = CBC47676256D466E00DB3CAF /* LaunchScreen.storyboard */; };
		CBC4767B256D466E00DB3CAF /* main.m in Sources */ = {isa = PBXBuildFile; fileRef = CBC4767A256D466E00DB3CAF /* main.m */; };
		CBC47685256D466E00DB3CAF /* Yodo1MasSdkDemoTests.m in Sources */ = {isa = PBXBuildFile; fileRef = CBC47684256D466E00DB3CAF /* Yodo1MasSdkDemoTests.m */; };
		CBC47690256D466E00DB3CAF /* Yodo1MasSdkDemoUITests.m in Sources */ = {isa = PBXBuildFile; fileRef = CBC4768F256D466E00DB3CAF /* Yodo1MasSdkDemoUITests.m */; };
		D4D4D58424FED4C1EAFE5B19 /* libPods-Yodo1MasSdkDemo.a in Frameworks */ = {isa = PBXBuildFile; fileRef = BA3C5FC38978C02AF644AC4C /* libPods-Yodo1MasSdkDemo.a */; };
		E8C76377DFF2AD5130801D0F /* libPods-Yodo1MasSdkDemoTests.a in Frameworks */ = {isa = PBXBuildFile; fileRef = 0D85FFDDD76867E6ED55FBEC /* libPods-Yodo1MasSdkDemoTests.a */; };
		FB277D6BF1A1D6035D4EB1B4 /* libPods-Yodo1MasSdkDemoUITests.a in Frameworks */ = {isa = PBXBuildFile; fileRef = 3DFC872A8A9E510E88A4265A /* libPods-Yodo1MasSdkDemoUITests.a */; };
/* End PBXBuildFile section */

/* Begin PBXContainerItemProxy section */
		CBC47681256D466E00DB3CAF /* PBXContainerItemProxy */ = {
			isa = PBXContainerItemProxy;
			containerPortal = CBC4765D256D466A00DB3CAF /* Project object */;
			proxyType = 1;
			remoteGlobalIDString = CBC47664256D466A00DB3CAF;
			remoteInfo = Yodo1MasSdkDemo;
		};
		CBC4768C256D466E00DB3CAF /* PBXContainerItemProxy */ = {
			isa = PBXContainerItemProxy;
			containerPortal = CBC4765D256D466A00DB3CAF /* Project object */;
			proxyType = 1;
			remoteGlobalIDString = CBC47664256D466A00DB3CAF;
			remoteInfo = Yodo1MasSdkDemo;
		};
/* End PBXContainerItemProxy section */

/* Begin PBXFileReference section */
		0BEF5C9330D690B50F599A8C /* Pods-Yodo1MasSdkDemoUITests.release.xcconfig */ = {isa = PBXFileReference; includeInIndex = 1; lastKnownFileType = text.xcconfig; name = "Pods-Yodo1MasSdkDemoUITests.release.xcconfig"; path = "Target Support Files/Pods-Yodo1MasSdkDemoUITests/Pods-Yodo1MasSdkDemoUITests.release.xcconfig"; sourceTree = "<group>"; };
		0D85FFDDD76867E6ED55FBEC /* libPods-Yodo1MasSdkDemoTests.a */ = {isa = PBXFileReference; explicitFileType = archive.ar; includeInIndex = 0; path = "libPods-Yodo1MasSdkDemoTests.a"; sourceTree = BUILT_PRODUCTS_DIR; };
		3DFC872A8A9E510E88A4265A /* libPods-Yodo1MasSdkDemoUITests.a */ = {isa = PBXFileReference; explicitFileType = archive.ar; includeInIndex = 0; path = "libPods-Yodo1MasSdkDemoUITests.a"; sourceTree = BUILT_PRODUCTS_DIR; };
		661A33E8D196735B0B43D8F0 /* Pods-Yodo1MasSdkDemo.debug.xcconfig */ = {isa = PBXFileReference; includeInIndex = 1; lastKnownFileType = text.xcconfig; name = "Pods-Yodo1MasSdkDemo.debug.xcconfig"; path = "Target Support Files/Pods-Yodo1MasSdkDemo/Pods-Yodo1MasSdkDemo.debug.xcconfig"; sourceTree = "<group>"; };
		8316AB6F88C5D4F2C77A895B /* Pods-Yodo1MasSdkDemoUITests.debug.xcconfig */ = {isa = PBXFileReference; includeInIndex = 1; lastKnownFileType = text.xcconfig; name = "Pods-Yodo1MasSdkDemoUITests.debug.xcconfig"; path = "Target Support Files/Pods-Yodo1MasSdkDemoUITests/Pods-Yodo1MasSdkDemoUITests.debug.xcconfig"; sourceTree = "<group>"; };
		9285BF1EEB32E6592C17577A /* Pods-Yodo1MasSdkDemo.release.xcconfig */ = {isa = PBXFileReference; includeInIndex = 1; lastKnownFileType = text.xcconfig; name = "Pods-Yodo1MasSdkDemo.release.xcconfig"; path = "Target Support Files/Pods-Yodo1MasSdkDemo/Pods-Yodo1MasSdkDemo.release.xcconfig"; sourceTree = "<group>"; };
		B8CC976DFB01613967BE3B80 /* Pods-Yodo1MasSdkDemoTests.debug.xcconfig */ = {isa = PBXFileReference; includeInIndex = 1; lastKnownFileType = text.xcconfig; name = "Pods-Yodo1MasSdkDemoTests.debug.xcconfig"; path = "Target Support Files/Pods-Yodo1MasSdkDemoTests/Pods-Yodo1MasSdkDemoTests.debug.xcconfig"; sourceTree = "<group>"; };
		B950DEC825A3316300C7AC2E /* zh-Hans */ = {isa = PBXFileReference; lastKnownFileType = text.plist.strings; name = "zh-Hans"; path = "zh-Hans.lproj/Main.strings"; sourceTree = "<group>"; };
		B950DEC925A3316300C7AC2E /* zh-Hans */ = {isa = PBXFileReference; lastKnownFileType = text.plist.strings; name = "zh-Hans"; path = "zh-Hans.lproj/LaunchScreen.strings"; sourceTree = "<group>"; };
		B97FA73F25A3478C003BD4F0 /* en */ = {isa = PBXFileReference; lastKnownFileType = text.plist.strings; name = en; path = en.lproj/InfoPlist.strings; sourceTree = "<group>"; };
		B97FA74425A347A0003BD4F0 /* zh-Hans */ = {isa = PBXFileReference; lastKnownFileType = text.plist.strings; name = "zh-Hans"; path = "zh-Hans.lproj/InfoPlist.strings"; sourceTree = "<group>"; };
		BA3C5FC38978C02AF644AC4C /* libPods-Yodo1MasSdkDemo.a */ = {isa = PBXFileReference; explicitFileType = archive.ar; includeInIndex = 0; path = "libPods-Yodo1MasSdkDemo.a"; sourceTree = BUILT_PRODUCTS_DIR; };
		C4950EEBDC757E58396699FF /* Pods-Yodo1MasSdkDemoTests.release.xcconfig */ = {isa = PBXFileReference; includeInIndex = 1; lastKnownFileType = text.xcconfig; name = "Pods-Yodo1MasSdkDemoTests.release.xcconfig"; path = "Target Support Files/Pods-Yodo1MasSdkDemoTests/Pods-Yodo1MasSdkDemoTests.release.xcconfig"; sourceTree = "<group>"; };
		CB0E403125787EF7000ACB94 /* MainViewController.h */ = {isa = PBXFileReference; lastKnownFileType = sourcecode.c.h; path = MainViewController.h; sourceTree = "<group>"; };
		CB0E403225787EF7000ACB94 /* MainViewController.m */ = {isa = PBXFileReference; lastKnownFileType = sourcecode.c.objc; path = MainViewController.m; sourceTree = "<group>"; };
		CB0E403A25787F61000ACB94 /* DemoViewController.h */ = {isa = PBXFileReference; lastKnownFileType = sourcecode.c.h; path = DemoViewController.h; sourceTree = "<group>"; };
		CB0E403B25787F61000ACB94 /* DemoViewController.m */ = {isa = PBXFileReference; lastKnownFileType = sourcecode.c.objc; path = DemoViewController.m; sourceTree = "<group>"; };
		CBC47665256D466A00DB3CAF /* Yodo1MasSdkDemo.app */ = {isa = PBXFileReference; explicitFileType = wrapper.application; includeInIndex = 0; path = Yodo1MasSdkDemo.app; sourceTree = BUILT_PRODUCTS_DIR; };
		CBC47668256D466A00DB3CAF /* AppDelegate.h */ = {isa = PBXFileReference; lastKnownFileType = sourcecode.c.h; path = AppDelegate.h; sourceTree = "<group>"; };
		CBC47669256D466A00DB3CAF /* AppDelegate.m */ = {isa = PBXFileReference; lastKnownFileType = sourcecode.c.objc; path = AppDelegate.m; sourceTree = "<group>"; };
		CBC47672256D466A00DB3CAF /* Base */ = {isa = PBXFileReference; lastKnownFileType = file.storyboard; name = Base; path = Base.lproj/Main.storyboard; sourceTree = "<group>"; };
		CBC47674256D466E00DB3CAF /* Assets.xcassets */ = {isa = PBXFileReference; lastKnownFileType = folder.assetcatalog; path = Assets.xcassets; sourceTree = "<group>"; };
		CBC47677256D466E00DB3CAF /* Base */ = {isa = PBXFileReference; lastKnownFileType = file.storyboard; name = Base; path = Base.lproj/LaunchScreen.storyboard; sourceTree = "<group>"; };
		CBC47679256D466E00DB3CAF /* Info.plist */ = {isa = PBXFileReference; lastKnownFileType = text.plist.xml; path = Info.plist; sourceTree = "<group>"; };
		CBC4767A256D466E00DB3CAF /* main.m */ = {isa = PBXFileReference; lastKnownFileType = sourcecode.c.objc; path = main.m; sourceTree = "<group>"; };
		CBC47680256D466E00DB3CAF /* Yodo1MasSdkDemoTests.xctest */ = {isa = PBXFileReference; explicitFileType = wrapper.cfbundle; includeInIndex = 0; path = Yodo1MasSdkDemoTests.xctest; sourceTree = BUILT_PRODUCTS_DIR; };
		CBC47684256D466E00DB3CAF /* Yodo1MasSdkDemoTests.m */ = {isa = PBXFileReference; lastKnownFileType = sourcecode.c.objc; path = Yodo1MasSdkDemoTests.m; sourceTree = "<group>"; };
		CBC47686256D466E00DB3CAF /* Info.plist */ = {isa = PBXFileReference; lastKnownFileType = text.plist.xml; path = Info.plist; sourceTree = "<group>"; };
		CBC4768B256D466E00DB3CAF /* Yodo1MasSdkDemoUITests.xctest */ = {isa = PBXFileReference; explicitFileType = wrapper.cfbundle; includeInIndex = 0; path = Yodo1MasSdkDemoUITests.xctest; sourceTree = BUILT_PRODUCTS_DIR; };
		CBC4768F256D466E00DB3CAF /* Yodo1MasSdkDemoUITests.m */ = {isa = PBXFileReference; lastKnownFileType = sourcecode.c.objc; path = Yodo1MasSdkDemoUITests.m; sourceTree = "<group>"; };
		CBC47691256D466E00DB3CAF /* Info.plist */ = {isa = PBXFileReference; lastKnownFileType = text.plist.xml; path = Info.plist; sourceTree = "<group>"; };
/* End PBXFileReference section */

/* Begin PBXFrameworksBuildPhase section */
		CBC47662256D466A00DB3CAF /* Frameworks */ = {
			isa = PBXFrameworksBuildPhase;
			buildActionMask = 2147483647;
			files = (
				D4D4D58424FED4C1EAFE5B19 /* libPods-Yodo1MasSdkDemo.a in Frameworks */,
			);
			runOnlyForDeploymentPostprocessing = 0;
		};
		CBC4767D256D466E00DB3CAF /* Frameworks */ = {
			isa = PBXFrameworksBuildPhase;
			buildActionMask = 2147483647;
			files = (
				E8C76377DFF2AD5130801D0F /* libPods-Yodo1MasSdkDemoTests.a in Frameworks */,
			);
			runOnlyForDeploymentPostprocessing = 0;
		};
		CBC47688256D466E00DB3CAF /* Frameworks */ = {
			isa = PBXFrameworksBuildPhase;
			buildActionMask = 2147483647;
			files = (
				FB277D6BF1A1D6035D4EB1B4 /* libPods-Yodo1MasSdkDemoUITests.a in Frameworks */,
			);
			runOnlyForDeploymentPostprocessing = 0;
		};
/* End PBXFrameworksBuildPhase section */

/* Begin PBXGroup section */
		2693C84541427286AD0FCDBD /* Pods */ = {
			isa = PBXGroup;
			children = (
				661A33E8D196735B0B43D8F0 /* Pods-Yodo1MasSdkDemo.debug.xcconfig */,
				9285BF1EEB32E6592C17577A /* Pods-Yodo1MasSdkDemo.release.xcconfig */,
				B8CC976DFB01613967BE3B80 /* Pods-Yodo1MasSdkDemoTests.debug.xcconfig */,
				C4950EEBDC757E58396699FF /* Pods-Yodo1MasSdkDemoTests.release.xcconfig */,
				8316AB6F88C5D4F2C77A895B /* Pods-Yodo1MasSdkDemoUITests.debug.xcconfig */,
				0BEF5C9330D690B50F599A8C /* Pods-Yodo1MasSdkDemoUITests.release.xcconfig */,
			);
			path = Pods;
			sourceTree = "<group>";
		};
		42429D399736B7B90CC152D7 /* Frameworks */ = {
			isa = PBXGroup;
			children = (
				BA3C5FC38978C02AF644AC4C /* libPods-Yodo1MasSdkDemo.a */,
				0D85FFDDD76867E6ED55FBEC /* libPods-Yodo1MasSdkDemoTests.a */,
				3DFC872A8A9E510E88A4265A /* libPods-Yodo1MasSdkDemoUITests.a */,
			);
			name = Frameworks;
			sourceTree = "<group>";
		};
		CBC4765C256D466A00DB3CAF = {
			isa = PBXGroup;
			children = (
				CBC47667256D466A00DB3CAF /* Yodo1MasSdkDemo */,
				CBC47683256D466E00DB3CAF /* Yodo1MasSdkDemoTests */,
				CBC4768E256D466E00DB3CAF /* Yodo1MasSdkDemoUITests */,
				CBC47666256D466A00DB3CAF /* Products */,
				2693C84541427286AD0FCDBD /* Pods */,
				42429D399736B7B90CC152D7 /* Frameworks */,
			);
			sourceTree = "<group>";
		};
		CBC47666256D466A00DB3CAF /* Products */ = {
			isa = PBXGroup;
			children = (
				CBC47665256D466A00DB3CAF /* Yodo1MasSdkDemo.app */,
				CBC47680256D466E00DB3CAF /* Yodo1MasSdkDemoTests.xctest */,
				CBC4768B256D466E00DB3CAF /* Yodo1MasSdkDemoUITests.xctest */,
			);
			name = Products;
			sourceTree = "<group>";
		};
		CBC47667256D466A00DB3CAF /* Yodo1MasSdkDemo */ = {
			isa = PBXGroup;
			children = (
				CBC47668256D466A00DB3CAF /* AppDelegate.h */,
				CBC47669256D466A00DB3CAF /* AppDelegate.m */,
				CB0E403125787EF7000ACB94 /* MainViewController.h */,
				CB0E403225787EF7000ACB94 /* MainViewController.m */,
				CB0E403A25787F61000ACB94 /* DemoViewController.h */,
				CB0E403B25787F61000ACB94 /* DemoViewController.m */,
				CBC47671256D466A00DB3CAF /* Main.storyboard */,
				CBC47676256D466E00DB3CAF /* LaunchScreen.storyboard */,
				CBC47674256D466E00DB3CAF /* Assets.xcassets */,
				CBC47679256D466E00DB3CAF /* Info.plist */,
				B97FA74025A3478C003BD4F0 /* InfoPlist.strings */,
				CBC4767A256D466E00DB3CAF /* main.m */,
			);
			path = Yodo1MasSdkDemo;
			sourceTree = "<group>";
		};
		CBC47683256D466E00DB3CAF /* Yodo1MasSdkDemoTests */ = {
			isa = PBXGroup;
			children = (
				CBC47684256D466E00DB3CAF /* Yodo1MasSdkDemoTests.m */,
				CBC47686256D466E00DB3CAF /* Info.plist */,
			);
			path = Yodo1MasSdkDemoTests;
			sourceTree = "<group>";
		};
		CBC4768E256D466E00DB3CAF /* Yodo1MasSdkDemoUITests */ = {
			isa = PBXGroup;
			children = (
				CBC4768F256D466E00DB3CAF /* Yodo1MasSdkDemoUITests.m */,
				CBC47691256D466E00DB3CAF /* Info.plist */,
			);
			path = Yodo1MasSdkDemoUITests;
			sourceTree = "<group>";
		};
/* End PBXGroup section */

/* Begin PBXNativeTarget section */
		CBC47664256D466A00DB3CAF /* Yodo1MasSdkDemo */ = {
			isa = PBXNativeTarget;
			buildConfigurationList = CBC47694256D466E00DB3CAF /* Build configuration list for PBXNativeTarget "Yodo1MasSdkDemo" */;
			buildPhases = (
				6BFE33DD70CADEFAFA01E0A5 /* [CP] Check Pods Manifest.lock */,
				CBC47661256D466A00DB3CAF /* Sources */,
				CBC47662256D466A00DB3CAF /* Frameworks */,
				CBC47663256D466A00DB3CAF /* Resources */,
				15C33ED075A713AB835C1B3B /* [CP] Copy Pods Resources */,
			);
			buildRules = (
			);
			dependencies = (
			);
			name = Yodo1MasSdkDemo;
			productName = Yodo1MasSdkDemo;
			productReference = CBC47665256D466A00DB3CAF /* Yodo1MasSdkDemo.app */;
			productType = "com.apple.product-type.application";
		};
		CBC4767F256D466E00DB3CAF /* Yodo1MasSdkDemoTests */ = {
			isa = PBXNativeTarget;
			buildConfigurationList = CBC47697256D466E00DB3CAF /* Build configuration list for PBXNativeTarget "Yodo1MasSdkDemoTests" */;
			buildPhases = (
				5905005AF9D812D1FCAB068A /* [CP] Check Pods Manifest.lock */,
				CBC4767C256D466E00DB3CAF /* Sources */,
				CBC4767D256D466E00DB3CAF /* Frameworks */,
				CBC4767E256D466E00DB3CAF /* Resources */,
			);
			buildRules = (
			);
			dependencies = (
				CBC47682256D466E00DB3CAF /* PBXTargetDependency */,
			);
			name = Yodo1MasSdkDemoTests;
			productName = Yodo1MasSdkDemoTests;
			productReference = CBC47680256D466E00DB3CAF /* Yodo1MasSdkDemoTests.xctest */;
			productType = "com.apple.product-type.bundle.unit-test";
		};
		CBC4768A256D466E00DB3CAF /* Yodo1MasSdkDemoUITests */ = {
			isa = PBXNativeTarget;
			buildConfigurationList = CBC4769A256D466E00DB3CAF /* Build configuration list for PBXNativeTarget "Yodo1MasSdkDemoUITests" */;
			buildPhases = (
				6E34983410323CFF0989A8BC /* [CP] Check Pods Manifest.lock */,
				CBC47687256D466E00DB3CAF /* Sources */,
				CBC47688256D466E00DB3CAF /* Frameworks */,
				CBC47689256D466E00DB3CAF /* Resources */,
			);
			buildRules = (
			);
			dependencies = (
				CBC4768D256D466E00DB3CAF /* PBXTargetDependency */,
			);
			name = Yodo1MasSdkDemoUITests;
			productName = Yodo1MasSdkDemoUITests;
			productReference = CBC4768B256D466E00DB3CAF /* Yodo1MasSdkDemoUITests.xctest */;
			productType = "com.apple.product-type.bundle.ui-testing";
		};
/* End PBXNativeTarget section */

/* Begin PBXProject section */
		CBC4765D256D466A00DB3CAF /* Project object */ = {
			isa = PBXProject;
			attributes = {
				LastUpgradeCheck = 1220;
				TargetAttributes = {
					CBC47664256D466A00DB3CAF = {
						CreatedOnToolsVersion = 12.2;
					};
					CBC4767F256D466E00DB3CAF = {
						CreatedOnToolsVersion = 12.2;
						TestTargetID = CBC47664256D466A00DB3CAF;
					};
					CBC4768A256D466E00DB3CAF = {
						CreatedOnToolsVersion = 12.2;
						TestTargetID = CBC47664256D466A00DB3CAF;
					};
				};
			};
			buildConfigurationList = CBC47660256D466A00DB3CAF /* Build configuration list for PBXProject "Yodo1MasSdkDemo" */;
			compatibilityVersion = "Xcode 9.3";
			developmentRegion = en;
			hasScannedForEncodings = 0;
			knownRegions = (
				en,
				Base,
				"zh-Hans",
			);
			mainGroup = CBC4765C256D466A00DB3CAF;
			productRefGroup = CBC47666256D466A00DB3CAF /* Products */;
			projectDirPath = "";
			projectRoot = "";
			targets = (
				CBC47664256D466A00DB3CAF /* Yodo1MasSdkDemo */,
				CBC4767F256D466E00DB3CAF /* Yodo1MasSdkDemoTests */,
				CBC4768A256D466E00DB3CAF /* Yodo1MasSdkDemoUITests */,
			);
		};
/* End PBXProject section */

/* Begin PBXResourcesBuildPhase section */
		CBC47663256D466A00DB3CAF /* Resources */ = {
			isa = PBXResourcesBuildPhase;
			buildActionMask = 2147483647;
			files = (
				CBC47678256D466E00DB3CAF /* LaunchScreen.storyboard in Resources */,
				B97FA73E25A3478C003BD4F0 /* InfoPlist.strings in Resources */,
				CBC47675256D466E00DB3CAF /* Assets.xcassets in Resources */,
				CBC47673256D466A00DB3CAF /* Main.storyboard in Resources */,
			);
			runOnlyForDeploymentPostprocessing = 0;
		};
		CBC4767E256D466E00DB3CAF /* Resources */ = {
			isa = PBXResourcesBuildPhase;
			buildActionMask = 2147483647;
			files = (
			);
			runOnlyForDeploymentPostprocessing = 0;
		};
		CBC47689256D466E00DB3CAF /* Resources */ = {
			isa = PBXResourcesBuildPhase;
			buildActionMask = 2147483647;
			files = (
			);
			runOnlyForDeploymentPostprocessing = 0;
		};
/* End PBXResourcesBuildPhase section */

/* Begin PBXShellScriptBuildPhase section */
		15C33ED075A713AB835C1B3B /* [CP] Copy Pods Resources */ = {
			isa = PBXShellScriptBuildPhase;
			buildActionMask = 2147483647;
			files = (
			);
			inputFileListPaths = (
				"${PODS_ROOT}/Target Support Files/Pods-Yodo1MasSdkDemo/Pods-Yodo1MasSdkDemo-resources-${CONFIGURATION}-input-files.xcfilelist",
			);
			name = "[CP] Copy Pods Resources";
			outputFileListPaths = (
				"${PODS_ROOT}/Target Support Files/Pods-Yodo1MasSdkDemo/Pods-Yodo1MasSdkDemo-resources-${CONFIGURATION}-output-files.xcfilelist",
			);
			runOnlyForDeploymentPostprocessing = 0;
			shellPath = /bin/sh;
			shellScript = "\"${PODS_ROOT}/Target Support Files/Pods-Yodo1MasSdkDemo/Pods-Yodo1MasSdkDemo-resources.sh\"\n";
			showEnvVarsInLog = 0;
		};
		5905005AF9D812D1FCAB068A /* [CP] Check Pods Manifest.lock */ = {
			isa = PBXShellScriptBuildPhase;
			buildActionMask = 2147483647;
			files = (
			);
			inputFileListPaths = (
			);
			inputPaths = (
				"${PODS_PODFILE_DIR_PATH}/Podfile.lock",
				"${PODS_ROOT}/Manifest.lock",
			);
			name = "[CP] Check Pods Manifest.lock";
			outputFileListPaths = (
			);
			outputPaths = (
				"$(DERIVED_FILE_DIR)/Pods-Yodo1MasSdkDemoTests-checkManifestLockResult.txt",
			);
			runOnlyForDeploymentPostprocessing = 0;
			shellPath = /bin/sh;
			shellScript = "diff \"${PODS_PODFILE_DIR_PATH}/Podfile.lock\" \"${PODS_ROOT}/Manifest.lock\" > /dev/null\nif [ $? != 0 ] ; then\n    # print error to STDERR\n    echo \"error: The sandbox is not in sync with the Podfile.lock. Run 'pod install' or update your CocoaPods installation.\" >&2\n    exit 1\nfi\n# This output is used by Xcode 'outputs' to avoid re-running this script phase.\necho \"SUCCESS\" > \"${SCRIPT_OUTPUT_FILE_0}\"\n";
			showEnvVarsInLog = 0;
		};
		6BFE33DD70CADEFAFA01E0A5 /* [CP] Check Pods Manifest.lock */ = {
			isa = PBXShellScriptBuildPhase;
			buildActionMask = 2147483647;
			files = (
			);
			inputFileListPaths = (
			);
			inputPaths = (
				"${PODS_PODFILE_DIR_PATH}/Podfile.lock",
				"${PODS_ROOT}/Manifest.lock",
			);
			name = "[CP] Check Pods Manifest.lock";
			outputFileListPaths = (
			);
			outputPaths = (
				"$(DERIVED_FILE_DIR)/Pods-Yodo1MasSdkDemo-checkManifestLockResult.txt",
			);
			runOnlyForDeploymentPostprocessing = 0;
			shellPath = /bin/sh;
			shellScript = "diff \"${PODS_PODFILE_DIR_PATH}/Podfile.lock\" \"${PODS_ROOT}/Manifest.lock\" > /dev/null\nif [ $? != 0 ] ; then\n    # print error to STDERR\n    echo \"error: The sandbox is not in sync with the Podfile.lock. Run 'pod install' or update your CocoaPods installation.\" >&2\n    exit 1\nfi\n# This output is used by Xcode 'outputs' to avoid re-running this script phase.\necho \"SUCCESS\" > \"${SCRIPT_OUTPUT_FILE_0}\"\n";
			showEnvVarsInLog = 0;
		};
		6E34983410323CFF0989A8BC /* [CP] Check Pods Manifest.lock */ = {
			isa = PBXShellScriptBuildPhase;
			buildActionMask = 2147483647;
			files = (
			);
			inputFileListPaths = (
			);
			inputPaths = (
				"${PODS_PODFILE_DIR_PATH}/Podfile.lock",
				"${PODS_ROOT}/Manifest.lock",
			);
			name = "[CP] Check Pods Manifest.lock";
			outputFileListPaths = (
			);
			outputPaths = (
				"$(DERIVED_FILE_DIR)/Pods-Yodo1MasSdkDemoUITests-checkManifestLockResult.txt",
			);
			runOnlyForDeploymentPostprocessing = 0;
			shellPath = /bin/sh;
			shellScript = "diff \"${PODS_PODFILE_DIR_PATH}/Podfile.lock\" \"${PODS_ROOT}/Manifest.lock\" > /dev/null\nif [ $? != 0 ] ; then\n    # print error to STDERR\n    echo \"error: The sandbox is not in sync with the Podfile.lock. Run 'pod install' or update your CocoaPods installation.\" >&2\n    exit 1\nfi\n# This output is used by Xcode 'outputs' to avoid re-running this script phase.\necho \"SUCCESS\" > \"${SCRIPT_OUTPUT_FILE_0}\"\n";
			showEnvVarsInLog = 0;
		};
/* End PBXShellScriptBuildPhase section */

/* Begin PBXSourcesBuildPhase section */
		CBC47661256D466A00DB3CAF /* Sources */ = {
			isa = PBXSourcesBuildPhase;
			buildActionMask = 2147483647;
			files = (
				CBC4766A256D466A00DB3CAF /* AppDelegate.m in Sources */,
				CBC4767B256D466E00DB3CAF /* main.m in Sources */,
				CB0E403325787EF7000ACB94 /* MainViewController.m in Sources */,
				CB0E403C25787F61000ACB94 /* DemoViewController.m in Sources */,
			);
			runOnlyForDeploymentPostprocessing = 0;
		};
		CBC4767C256D466E00DB3CAF /* Sources */ = {
			isa = PBXSourcesBuildPhase;
			buildActionMask = 2147483647;
			files = (
				CBC47685256D466E00DB3CAF /* Yodo1MasSdkDemoTests.m in Sources */,
			);
			runOnlyForDeploymentPostprocessing = 0;
		};
		CBC47687256D466E00DB3CAF /* Sources */ = {
			isa = PBXSourcesBuildPhase;
			buildActionMask = 2147483647;
			files = (
				CBC47690256D466E00DB3CAF /* Yodo1MasSdkDemoUITests.m in Sources */,
			);
			runOnlyForDeploymentPostprocessing = 0;
		};
/* End PBXSourcesBuildPhase section */

/* Begin PBXTargetDependency section */
		CBC47682256D466E00DB3CAF /* PBXTargetDependency */ = {
			isa = PBXTargetDependency;
			target = CBC47664256D466A00DB3CAF /* Yodo1MasSdkDemo */;
			targetProxy = CBC47681256D466E00DB3CAF /* PBXContainerItemProxy */;
		};
		CBC4768D256D466E00DB3CAF /* PBXTargetDependency */ = {
			isa = PBXTargetDependency;
			target = CBC47664256D466A00DB3CAF /* Yodo1MasSdkDemo */;
			targetProxy = CBC4768C256D466E00DB3CAF /* PBXContainerItemProxy */;
		};
/* End PBXTargetDependency section */

/* Begin PBXVariantGroup section */
		B97FA74025A3478C003BD4F0 /* InfoPlist.strings */ = {
			isa = PBXVariantGroup;
			children = (
				B97FA73F25A3478C003BD4F0 /* en */,
				B97FA74425A347A0003BD4F0 /* zh-Hans */,
			);
			name = InfoPlist.strings;
			sourceTree = "<group>";
		};
		CBC47671256D466A00DB3CAF /* Main.storyboard */ = {
			isa = PBXVariantGroup;
			children = (
				CBC47672256D466A00DB3CAF /* Base */,
				B950DEC825A3316300C7AC2E /* zh-Hans */,
			);
			name = Main.storyboard;
			sourceTree = "<group>";
		};
		CBC47676256D466E00DB3CAF /* LaunchScreen.storyboard */ = {
			isa = PBXVariantGroup;
			children = (
				CBC47677256D466E00DB3CAF /* Base */,
				B950DEC925A3316300C7AC2E /* zh-Hans */,
			);
			name = LaunchScreen.storyboard;
			sourceTree = "<group>";
		};
/* End PBXVariantGroup section */

/* Begin XCBuildConfiguration section */
		CBC47692256D466E00DB3CAF /* Debug */ = {
			isa = XCBuildConfiguration;
			buildSettings = {
				ALWAYS_SEARCH_USER_PATHS = NO;
				CLANG_ANALYZER_LOCALIZABILITY_NONLOCALIZED = YES;
				CLANG_ANALYZER_NONNULL = YES;
				CLANG_ANALYZER_NUMBER_OBJECT_CONVERSION = YES_AGGRESSIVE;
				CLANG_CXX_LANGUAGE_STANDARD = "gnu++14";
				CLANG_CXX_LIBRARY = "libc++";
				CLANG_ENABLE_MODULES = YES;
				CLANG_ENABLE_OBJC_ARC = YES;
				CLANG_ENABLE_OBJC_WEAK = YES;
				CLANG_WARN_BLOCK_CAPTURE_AUTORELEASING = YES;
				CLANG_WARN_BOOL_CONVERSION = YES;
				CLANG_WARN_COMMA = YES;
				CLANG_WARN_CONSTANT_CONVERSION = YES;
				CLANG_WARN_DEPRECATED_OBJC_IMPLEMENTATIONS = YES;
				CLANG_WARN_DIRECT_OBJC_ISA_USAGE = YES_ERROR;
				CLANG_WARN_DOCUMENTATION_COMMENTS = YES;
				CLANG_WARN_EMPTY_BODY = YES;
				CLANG_WARN_ENUM_CONVERSION = YES;
				CLANG_WARN_INFINITE_RECURSION = YES;
				CLANG_WARN_INT_CONVERSION = YES;
				CLANG_WARN_NON_LITERAL_NULL_CONVERSION = YES;
				CLANG_WARN_OBJC_IMPLICIT_RETAIN_SELF = YES;
				CLANG_WARN_OBJC_LITERAL_CONVERSION = YES;
				CLANG_WARN_OBJC_ROOT_CLASS = YES_ERROR;
				CLANG_WARN_QUOTED_INCLUDE_IN_FRAMEWORK_HEADER = YES;
				CLANG_WARN_RANGE_LOOP_ANALYSIS = YES;
				CLANG_WARN_STRICT_PROTOTYPES = YES;
				CLANG_WARN_SUSPICIOUS_MOVE = YES;
				CLANG_WARN_UNGUARDED_AVAILABILITY = YES_AGGRESSIVE;
				CLANG_WARN_UNREACHABLE_CODE = YES;
				CLANG_WARN__DUPLICATE_METHOD_MATCH = YES;
				COPY_PHASE_STRIP = NO;
				DEBUG_INFORMATION_FORMAT = dwarf;
				ENABLE_STRICT_OBJC_MSGSEND = YES;
				ENABLE_TESTABILITY = YES;
				GCC_C_LANGUAGE_STANDARD = gnu11;
				GCC_DYNAMIC_NO_PIC = NO;
				GCC_NO_COMMON_BLOCKS = YES;
				GCC_OPTIMIZATION_LEVEL = 0;
				GCC_PREPROCESSOR_DEFINITIONS = (
					"DEBUG=1",
					"$(inherited)",
				);
				GCC_WARN_64_TO_32_BIT_CONVERSION = YES;
				GCC_WARN_ABOUT_RETURN_TYPE = YES_ERROR;
				GCC_WARN_UNDECLARED_SELECTOR = YES;
				GCC_WARN_UNINITIALIZED_AUTOS = YES_AGGRESSIVE;
				GCC_WARN_UNUSED_FUNCTION = YES;
				GCC_WARN_UNUSED_VARIABLE = YES;
				IPHONEOS_DEPLOYMENT_TARGET = 14.2;
				MTL_ENABLE_DEBUG_INFO = INCLUDE_SOURCE;
				MTL_FAST_MATH = YES;
				ONLY_ACTIVE_ARCH = YES;
				SDKROOT = iphoneos;
			};
			name = Debug;
		};
		CBC47693256D466E00DB3CAF /* Release */ = {
			isa = XCBuildConfiguration;
			buildSettings = {
				ALWAYS_SEARCH_USER_PATHS = NO;
				CLANG_ANALYZER_LOCALIZABILITY_NONLOCALIZED = YES;
				CLANG_ANALYZER_NONNULL = YES;
				CLANG_ANALYZER_NUMBER_OBJECT_CONVERSION = YES_AGGRESSIVE;
				CLANG_CXX_LANGUAGE_STANDARD = "gnu++14";
				CLANG_CXX_LIBRARY = "libc++";
				CLANG_ENABLE_MODULES = YES;
				CLANG_ENABLE_OBJC_ARC = YES;
				CLANG_ENABLE_OBJC_WEAK = YES;
				CLANG_WARN_BLOCK_CAPTURE_AUTORELEASING = YES;
				CLANG_WARN_BOOL_CONVERSION = YES;
				CLANG_WARN_COMMA = YES;
				CLANG_WARN_CONSTANT_CONVERSION = YES;
				CLANG_WARN_DEPRECATED_OBJC_IMPLEMENTATIONS = YES;
				CLANG_WARN_DIRECT_OBJC_ISA_USAGE = YES_ERROR;
				CLANG_WARN_DOCUMENTATION_COMMENTS = YES;
				CLANG_WARN_EMPTY_BODY = YES;
				CLANG_WARN_ENUM_CONVERSION = YES;
				CLANG_WARN_INFINITE_RECURSION = YES;
				CLANG_WARN_INT_CONVERSION = YES;
				CLANG_WARN_NON_LITERAL_NULL_CONVERSION = YES;
				CLANG_WARN_OBJC_IMPLICIT_RETAIN_SELF = YES;
				CLANG_WARN_OBJC_LITERAL_CONVERSION = YES;
				CLANG_WARN_OBJC_ROOT_CLASS = YES_ERROR;
				CLANG_WARN_QUOTED_INCLUDE_IN_FRAMEWORK_HEADER = YES;
				CLANG_WARN_RANGE_LOOP_ANALYSIS = YES;
				CLANG_WARN_STRICT_PROTOTYPES = YES;
				CLANG_WARN_SUSPICIOUS_MOVE = YES;
				CLANG_WARN_UNGUARDED_AVAILABILITY = YES_AGGRESSIVE;
				CLANG_WARN_UNREACHABLE_CODE = YES;
				CLANG_WARN__DUPLICATE_METHOD_MATCH = YES;
				COPY_PHASE_STRIP = NO;
				DEBUG_INFORMATION_FORMAT = "dwarf-with-dsym";
				ENABLE_NS_ASSERTIONS = NO;
				ENABLE_STRICT_OBJC_MSGSEND = YES;
				GCC_C_LANGUAGE_STANDARD = gnu11;
				GCC_NO_COMMON_BLOCKS = YES;
				GCC_WARN_64_TO_32_BIT_CONVERSION = YES;
				GCC_WARN_ABOUT_RETURN_TYPE = YES_ERROR;
				GCC_WARN_UNDECLARED_SELECTOR = YES;
				GCC_WARN_UNINITIALIZED_AUTOS = YES_AGGRESSIVE;
				GCC_WARN_UNUSED_FUNCTION = YES;
				GCC_WARN_UNUSED_VARIABLE = YES;
				IPHONEOS_DEPLOYMENT_TARGET = 14.2;
				MTL_ENABLE_DEBUG_INFO = NO;
				MTL_FAST_MATH = YES;
				SDKROOT = iphoneos;
				VALIDATE_PRODUCT = YES;
			};
			name = Release;
		};
		CBC47695256D466E00DB3CAF /* Debug */ = {
			isa = XCBuildConfiguration;
			baseConfigurationReference = 661A33E8D196735B0B43D8F0 /* Pods-Yodo1MasSdkDemo.debug.xcconfig */;
			buildSettings = {
				ALWAYS_SEARCH_USER_PATHS = YES;
				ASSETCATALOG_COMPILER_APPICON_NAME = AppIcon;
				ASSETCATALOG_COMPILER_GLOBAL_ACCENT_COLOR_NAME = AccentColor;
				CODE_SIGN_STYLE = Automatic;
				CURRENT_PROJECT_VERSION = 9;
				DEVELOPMENT_TEAM = QK52KGCUT2;
				ENABLE_BITCODE = NO;
				INFOPLIST_FILE = Yodo1MasSdkDemo/Info.plist;
				IPHONEOS_DEPLOYMENT_TARGET = 10.0;
				LD_RUNPATH_SEARCH_PATHS = (
					"$(inherited)",
					"@executable_path/Frameworks",
				);
				MARKETING_VERSION = "0.0.0.9-beta";
				PRODUCT_BUNDLE_IDENTIFIER = com.romank.drawmasters;
				PRODUCT_NAME = "$(TARGET_NAME)";
				TARGETED_DEVICE_FAMILY = "1,2";
			};
			name = Debug;
		};
		CBC47696256D466E00DB3CAF /* Release */ = {
			isa = XCBuildConfiguration;
			baseConfigurationReference = 9285BF1EEB32E6592C17577A /* Pods-Yodo1MasSdkDemo.release.xcconfig */;
			buildSettings = {
				ALWAYS_SEARCH_USER_PATHS = YES;
				ASSETCATALOG_COMPILER_APPICON_NAME = AppIcon;
				ASSETCATALOG_COMPILER_GLOBAL_ACCENT_COLOR_NAME = AccentColor;
				CODE_SIGN_STYLE = Automatic;
				CURRENT_PROJECT_VERSION = 9;
				DEVELOPMENT_TEAM = QK52KGCUT2;
				ENABLE_BITCODE = NO;
				INFOPLIST_FILE = Yodo1MasSdkDemo/Info.plist;
				IPHONEOS_DEPLOYMENT_TARGET = 10.0;
				LD_RUNPATH_SEARCH_PATHS = (
					"$(inherited)",
					"@executable_path/Frameworks",
				);
				MARKETING_VERSION = "0.0.0.9-beta";
				PRODUCT_BUNDLE_IDENTIFIER = com.romank.drawmasters;
				PRODUCT_NAME = "$(TARGET_NAME)";
				TARGETED_DEVICE_FAMILY = "1,2";
			};
			name = Release;
		};
		CBC47698256D466E00DB3CAF /* Debug */ = {
			isa = XCBuildConfiguration;
			baseConfigurationReference = B8CC976DFB01613967BE3B80 /* Pods-Yodo1MasSdkDemoTests.debug.xcconfig */;
			buildSettings = {
				BUNDLE_LOADER = "$(TEST_HOST)";
				CODE_SIGN_STYLE = Automatic;
				DEVELOPMENT_TEAM = QK52KGCUT2;
				INFOPLIST_FILE = Yodo1MasSdkDemoTests/Info.plist;
				IPHONEOS_DEPLOYMENT_TARGET = 14.2;
				LD_RUNPATH_SEARCH_PATHS = (
					"$(inherited)",
					"@executable_path/Frameworks",
					"@loader_path/Frameworks",
				);
				PRODUCT_BUNDLE_IDENTIFIER = "Yodo1--Beijing--Technology-Co.--Ltd..Yodo1MasSdkDemoTests";
				PRODUCT_NAME = "$(TARGET_NAME)";
				TARGETED_DEVICE_FAMILY = "1,2";
				TEST_HOST = "$(BUILT_PRODUCTS_DIR)/Yodo1MasSdkDemo.app/Yodo1MasSdkDemo";
			};
			name = Debug;
		};
		CBC47699256D466E00DB3CAF /* Release */ = {
			isa = XCBuildConfiguration;
			baseConfigurationReference = C4950EEBDC757E58396699FF /* Pods-Yodo1MasSdkDemoTests.release.xcconfig */;
			buildSettings = {
				BUNDLE_LOADER = "$(TEST_HOST)";
				CODE_SIGN_STYLE = Automatic;
				DEVELOPMENT_TEAM = QK52KGCUT2;
				INFOPLIST_FILE = Yodo1MasSdkDemoTests/Info.plist;
				IPHONEOS_DEPLOYMENT_TARGET = 14.2;
				LD_RUNPATH_SEARCH_PATHS = (
					"$(inherited)",
					"@executable_path/Frameworks",
					"@loader_path/Frameworks",
				);
				PRODUCT_BUNDLE_IDENTIFIER = "Yodo1--Beijing--Technology-Co.--Ltd..Yodo1MasSdkDemoTests";
				PRODUCT_NAME = "$(TARGET_NAME)";
				TARGETED_DEVICE_FAMILY = "1,2";
				TEST_HOST = "$(BUILT_PRODUCTS_DIR)/Yodo1MasSdkDemo.app/Yodo1MasSdkDemo";
			};
			name = Release;
		};
		CBC4769B256D466E00DB3CAF /* Debug */ = {
			isa = XCBuildConfiguration;
			baseConfigurationReference = 8316AB6F88C5D4F2C77A895B /* Pods-Yodo1MasSdkDemoUITests.debug.xcconfig */;
			buildSettings = {
				CODE_SIGN_STYLE = Automatic;
				DEVELOPMENT_TEAM = QK52KGCUT2;
				INFOPLIST_FILE = Yodo1MasSdkDemoUITests/Info.plist;
				LD_RUNPATH_SEARCH_PATHS = (
					"$(inherited)",
					"@executable_path/Frameworks",
					"@loader_path/Frameworks",
				);
				PRODUCT_BUNDLE_IDENTIFIER = "Yodo1--Beijing--Technology-Co.--Ltd..Yodo1MasSdkDemoUITests";
				PRODUCT_NAME = "$(TARGET_NAME)";
				TARGETED_DEVICE_FAMILY = "1,2";
				TEST_TARGET_NAME = Yodo1MasSdkDemo;
			};
			name = Debug;
		};
		CBC4769C256D466E00DB3CAF /* Release */ = {
			isa = XCBuildConfiguration;
			baseConfigurationReference = 0BEF5C9330D690B50F599A8C /* Pods-Yodo1MasSdkDemoUITests.release.xcconfig */;
			buildSettings = {
				CODE_SIGN_STYLE = Automatic;
				DEVELOPMENT_TEAM = QK52KGCUT2;
				INFOPLIST_FILE = Yodo1MasSdkDemoUITests/Info.plist;
				LD_RUNPATH_SEARCH_PATHS = (
					"$(inherited)",
					"@executable_path/Frameworks",
					"@loader_path/Frameworks",
				);
				PRODUCT_BUNDLE_IDENTIFIER = "Yodo1--Beijing--Technology-Co.--Ltd..Yodo1MasSdkDemoUITests";
				PRODUCT_NAME = "$(TARGET_NAME)";
				TARGETED_DEVICE_FAMILY = "1,2";
				TEST_TARGET_NAME = Yodo1MasSdkDemo;
			};
			name = Release;
		};
/* End XCBuildConfiguration section */

/* Begin XCConfigurationList section */
		CBC47660256D466A00DB3CAF /* Build configuration list for PBXProject "Yodo1MasSdkDemo" */ = {
			isa = XCConfigurationList;
			buildConfigurations = (
				CBC47692256D466E00DB3CAF /* Debug */,
				CBC47693256D466E00DB3CAF /* Release */,
			);
			defaultConfigurationIsVisible = 0;
			defaultConfigurationName = Release;
		};
		CBC47694256D466E00DB3CAF /* Build configuration list for PBXNativeTarget "Yodo1MasSdkDemo" */ = {
			isa = XCConfigurationList;
			buildConfigurations = (
				CBC47695256D466E00DB3CAF /* Debug */,
				CBC47696256D466E00DB3CAF /* Release */,
			);
			defaultConfigurationIsVisible = 0;
			defaultConfigurationName = Release;
		};
		CBC47697256D466E00DB3CAF /* Build configuration list for PBXNativeTarget "Yodo1MasSdkDemoTests" */ = {
			isa = XCConfigurationList;
			buildConfigurations = (
				CBC47698256D466E00DB3CAF /* Debug */,
				CBC47699256D466E00DB3CAF /* Release */,
			);
			defaultConfigurationIsVisible = 0;
			defaultConfigurationName = Release;
		};
		CBC4769A256D466E00DB3CAF /* Build configuration list for PBXNativeTarget "Yodo1MasSdkDemoUITests" */ = {
			isa = XCConfigurationList;
			buildConfigurations = (
				CBC4769B256D466E00DB3CAF /* Debug */,
				CBC4769C256D466E00DB3CAF /* Release */,
			);
			defaultConfigurationIsVisible = 0;
			defaultConfigurationName = Release;
		};
/* End XCConfigurationList section */
	};
	rootObject = CBC4765D256D466A00DB3CAF /* Project object */;
}
